
Microsoft Visual Studio Solution File, Format Version 12.00
# Visual Studio Version 17
VisualStudioVersion = 17.3.32825.248
MinimumVisualStudioVersion = 10.0.40219.1
Project("{FAE04EC0-301F-11D3-BF4B-00C04F79EFBC}") = "Proyecto de los 5 chinos", "Proyecto de los 5 chinos\Proyecto de los 5 chinos.csproj", "{A9870F8E-30BE-4CF4-9389-60BDB73AA03C}"
EndProject
Global
	GlobalSection(SolutionConfigurationPlatforms) = preSolution
		Debug|Any CPU = Debug|Any CPU
		Release|Any CPU = Release|Any CPU
	EndGlobalSection
	GlobalSection(ProjectConfigurationPlatforms) = postSolution
		{A9870F8E-30BE-4CF4-9389-60BDB73AA03C}.Debug|Any CPU.ActiveCfg = Debug|Any CPU
		{A9870F8E-30BE-4CF4-9389-60BDB73AA03C}.Debug|Any CPU.Build.0 = Debug|Any CPU
		{A9870F8E-30BE-4CF4-9389-60BDB73AA03C}.Release|Any CPU.ActiveCfg = Release|Any CPU
		{A9870F8E-30BE-4CF4-9389-60BDB73AA03C}.Release|Any CPU.Build.0 = Release|Any CPU
	EndGlobalSection
	GlobalSection(SolutionProperties) = preSolution
		HideSolutionNode = FALSE
	EndGlobalSection
	GlobalSection(ExtensibilityGlobals) = postSolution
		SolutionGuid = {30614BA1-BC37-4811-A720-6D6F6414F216}
	EndGlobalSection
EndGlobal
